PODS:
  - Bolts (1.8.4):
    - Bolts/AppLinks (= 1.8.4)
    - Bolts/Tasks (= 1.8.4)
  - Bolts/AppLinks (1.8.4):
    - Bolts/Tasks
  - Bolts/Tasks (1.8.4)
  - Branch (0.15.3):
    - Branch/Core (= 0.15.3)
    - Branch/without-IDFA (= 0.15.3)
  - Branch/Core (0.15.3)
  - Branch/without-IDFA (0.15.3)
  - Cluster (1.0.7)
  - FBSDKCoreKit (4.23.0):
    - Bolts (~> 1.7)
  - FBSDKLoginKit (4.23.0):
    - FBSDKCoreKit
  - ForecastIO (5.0.0)
  - Mixpanel-swift (2.1.7)
  - Parse (1.14.4):
    - Bolts/Tasks (~> 1.8)
  - ParseFacebookUtilsV4 (1.11.1):
    - Bolts/Tasks (>= 1.6)
    - FBSDKCoreKit (~> 4.10)
    - FBSDKLoginKit (~> 4.10)
    - FBSDKTVOSKit (~> 4.10)
    - Parse (~> 1.12)
  - ParseUI (1.2.0):
    - Bolts/Tasks (~> 1.3)
    - Parse (~> 1.9)
  - "UIViewController+ODStatusBar (0.1.5)"

DEPENDENCIES:
  - Branch
  - Cluster
  - ForecastIO
  - Mixpanel-swift
  - Parse
  - ParseFacebookUtilsV4
  - ParseUI
  - "UIViewController+ODStatusBar"

SPEC REPOS:
  https://github.com/CocoaPods/Specs.git:
    - Bolts
    - Branch
    - Cluster
    - FBSDKCoreKit
    - FBSDKLoginKit
    - ForecastIO
    - Mixpanel-swift
    - Parse
    - ParseFacebookUtilsV4
    - ParseUI
    - "UIViewController+ODStatusBar"

SPEC CHECKSUMS:
  Bolts: 8a7995239dbe724f9cba2248b766d48b7ebdd322
  Branch: d3620efcb86e8eeedfaf520e4f68a2ed4c6c9eb3
  Cluster: 7a15791640cc44cde312be37ff18b918fc3c2367
  FBSDKCoreKit: d7829f5a69901cd7296105328e4c3c3fc7da6518
  FBSDKLoginKit: 6b92bd65f319d669d2b0730e49db495ef1660566
  ForecastIO: 013d0110a0977712624973ceb425da1936b02acf
  Mixpanel-swift: 8c88926fe32a9373eed3ce46d13b24eb6d7f5876
  Parse: b0aa91d2c435e53d4a9af26e741e014c9b35c42e
  ParseFacebookUtilsV4: bd56a321d78e0880a9594f7ca433ffb1d6ed63c3
  ParseUI: 2b37a0bc692a3e7666cf0c37b5521dfddd74a1af
  "UIViewController+ODStatusBar": 0c3d99045c5cf093c725f417e3644d7abd8e8f95

PODFILE CHECKSUM: 270df7b5ab1e44017a9fd5050023de7dde3bd806

COCOAPODS: 1.5.0
