// !$*UTF8*$!
{
	archiveVersion = 1;
	classes = {
	};
	objectVersion = 46;
	objects = {

/* Begin PBXBuildFile section */
		3D0E85AC124827498950F2FA /* Pods_Kiddo.framework in Frameworks */ = {isa = PBXBuildFile; fileRef = 4FFC514A966709BA92D1974B /* Pods_Kiddo.framework */; };
		50584E071DD122ED00A2BEA9 /* UIExtensions.swift in Sources */ = {isa = PBXBuildFile; fileRef = 50584E061DD122ED00A2BEA9 /* UIExtensions.swift */; };
		BD506DD81E293CD6001A98B0 /* DateUtil.swift in Sources */ = {isa = PBXBuildFile; fileRef = BD506DD71E293CD6001A98B0 /* DateUtil.swift */; };
		BD506DDD1E316A5C001A98B0 /* SimpleCache.swift in Sources */ = {isa = PBXBuildFile; fileRef = BD506DDC1E316A5C001A98B0 /* SimpleCache.swift */; };
		BD68B9A71DD0F2F300CE39CA /* AppDelegate.swift in Sources */ = {isa = PBXBuildFile; fileRef = BD68B9A61DD0F2F300CE39CA /* AppDelegate.swift */; };
		BD68B9AC1DD0F2F300CE39CA /* Main.storyboard in Resources */ = {isa = PBXBuildFile; fileRef = BD68B9AA1DD0F2F300CE39CA /* Main.storyboard */; };
		BD68B9AE1DD0F2F300CE39CA /* Assets.xcassets in Resources */ = {isa = PBXBuildFile; fileRef = BD68B9AD1DD0F2F300CE39CA /* Assets.xcassets */; };
		BD68B9B11DD0F2F300CE39CA /* LaunchScreen.storyboard in Resources */ = {isa = PBXBuildFile; fileRef = BD68B9AF1DD0F2F300CE39CA /* LaunchScreen.storyboard */; };
		BD68B9BF1DD0FA1C00CE39CA /* DetailViewController.swift in Sources */ = {isa = PBXBuildFile; fileRef = BD68B9BE1DD0FA1C00CE39CA /* DetailViewController.swift */; };
		BD68B9CB1DD39FF100CE39CA /* Utility.swift in Sources */ = {isa = PBXBuildFile; fileRef = BD68B9CA1DD39FF100CE39CA /* Utility.swift */; };
		BDC903D41E413B82006CD7D6 /* CustomSegmentedControl.swift in Sources */ = {isa = PBXBuildFile; fileRef = BDC903D31E413B82006CD7D6 /* CustomSegmentedControl.swift */; };
		BDEB9E8D1E04966A002F7222 /* EventEntryViewController.swift in Sources */ = {isa = PBXBuildFile; fileRef = BDEB9E8C1E04966A002F7222 /* EventEntryViewController.swift */; };
		BDEB9E8F1E05A64F002F7222 /* LogInViewController.swift in Sources */ = {isa = PBXBuildFile; fileRef = BDEB9E8E1E05A64F002F7222 /* LogInViewController.swift */; };
		BDEB9E911E05AB06002F7222 /* bg_portrait.jpg in Resources */ = {isa = PBXBuildFile; fileRef = BDEB9E901E05AB06002F7222 /* bg_portrait.jpg */; };
		C26E626F1DD1038C00BDC568 /* TimelineViewController.swift in Sources */ = {isa = PBXBuildFile; fileRef = C26E626E1DD1038C00BDC568 /* TimelineViewController.swift */; };
		C26E62711DD103B900BDC568 /* eventCell.xib in Resources */ = {isa = PBXBuildFile; fileRef = C26E62701DD103B900BDC568 /* eventCell.xib */; };
		C26E62731DD1098600BDC568 /* EventTableViewCell.swift in Sources */ = {isa = PBXBuildFile; fileRef = C26E62721DD1098600BDC568 /* EventTableViewCell.swift */; };
		C26E62751DD111AF00BDC568 /* Event.swift in Sources */ = {isa = PBXBuildFile; fileRef = C26E62741DD111AF00BDC568 /* Event.swift */; };
/* End PBXBuildFile section */

/* Begin PBXFileReference section */
		4FFC514A966709BA92D1974B /* Pods_Kiddo.framework */ = {isa = PBXFileReference; explicitFileType = wrapper.framework; includeInIndex = 0; path = Pods_Kiddo.framework; sourceTree = BUILT_PRODUCTS_DIR; };
		50584E061DD122ED00A2BEA9 /* UIExtensions.swift */ = {isa = PBXFileReference; fileEncoding = 4; lastKnownFileType = sourcecode.swift; path = UIExtensions.swift; sourceTree = "<group>"; };
		540CFF22675486906CCC738D /* Pods-Kiddo.debug.xcconfig */ = {isa = PBXFileReference; includeInIndex = 1; lastKnownFileType = text.xcconfig; name = "Pods-Kiddo.debug.xcconfig"; path = "Pods/Target Support Files/Pods-Kiddo/Pods-Kiddo.debug.xcconfig"; sourceTree = "<group>"; };
		BD506DD71E293CD6001A98B0 /* DateUtil.swift */ = {isa = PBXFileReference; fileEncoding = 4; lastKnownFileType = sourcecode.swift; path = DateUtil.swift; sourceTree = "<group>"; };
		BD506DDC1E316A5C001A98B0 /* SimpleCache.swift */ = {isa = PBXFileReference; fileEncoding = 4; lastKnownFileType = sourcecode.swift; path = SimpleCache.swift; sourceTree = "<group>"; };
		BD68B9A31DD0F2F200CE39CA /* Kiddo.app */ = {isa = PBXFileReference; explicitFileType = wrapper.application; includeInIndex = 0; path = Kiddo.app; sourceTree = BUILT_PRODUCTS_DIR; };
		BD68B9A61DD0F2F300CE39CA /* AppDelegate.swift */ = {isa = PBXFileReference; lastKnownFileType = sourcecode.swift; path = AppDelegate.swift; sourceTree = "<group>"; };
		BD68B9AB1DD0F2F300CE39CA /* Base */ = {isa = PBXFileReference; lastKnownFileType = file.storyboard; name = Base; path = Base.lproj/Main.storyboard; sourceTree = "<group>"; };
		BD68B9AD1DD0F2F300CE39CA /* Assets.xcassets */ = {isa = PBXFileReference; lastKnownFileType = folder.assetcatalog; path = Assets.xcassets; sourceTree = "<group>"; };
		BD68B9B01DD0F2F300CE39CA /* Base */ = {isa = PBXFileReference; lastKnownFileType = file.storyboard; name = Base; path = Base.lproj/LaunchScreen.storyboard; sourceTree = "<group>"; };
		BD68B9B21DD0F2F300CE39CA /* Info.plist */ = {isa = PBXFileReference; lastKnownFileType = text.plist.xml; path = Info.plist; sourceTree = "<group>"; };
		BD68B9BE1DD0FA1C00CE39CA /* DetailViewController.swift */ = {isa = PBXFileReference; fileEncoding = 4; lastKnownFileType = sourcecode.swift; path = DetailViewController.swift; sourceTree = "<group>"; };
		BD68B9CA1DD39FF100CE39CA /* Utility.swift */ = {isa = PBXFileReference; fileEncoding = 4; lastKnownFileType = sourcecode.swift; path = Utility.swift; sourceTree = "<group>"; };
		BDC903D31E413B82006CD7D6 /* CustomSegmentedControl.swift */ = {isa = PBXFileReference; fileEncoding = 4; lastKnownFileType = sourcecode.swift; path = CustomSegmentedControl.swift; sourceTree = "<group>"; };
		BDEB9E8C1E04966A002F7222 /* EventEntryViewController.swift */ = {isa = PBXFileReference; fileEncoding = 4; lastKnownFileType = sourcecode.swift; path = EventEntryViewController.swift; sourceTree = "<group>"; };
		BDEB9E8E1E05A64F002F7222 /* LogInViewController.swift */ = {isa = PBXFileReference; fileEncoding = 4; lastKnownFileType = sourcecode.swift; path = LogInViewController.swift; sourceTree = "<group>"; };
		BDEB9E901E05AB06002F7222 /* bg_portrait.jpg */ = {isa = PBXFileReference; lastKnownFileType = image.jpeg; path = bg_portrait.jpg; sourceTree = "<group>"; };
		C26E626E1DD1038C00BDC568 /* TimelineViewController.swift */ = {isa = PBXFileReference; fileEncoding = 4; lastKnownFileType = sourcecode.swift; path = TimelineViewController.swift; sourceTree = "<group>"; };
		C26E62701DD103B900BDC568 /* eventCell.xib */ = {isa = PBXFileReference; fileEncoding = 4; lastKnownFileType = file.xib; name = eventCell.xib; path = ../eventCell.xib; sourceTree = "<group>"; };
		C26E62721DD1098600BDC568 /* EventTableViewCell.swift */ = {isa = PBXFileReference; fileEncoding = 4; lastKnownFileType = sourcecode.swift; path = EventTableViewCell.swift; sourceTree = "<group>"; };
		C26E62741DD111AF00BDC568 /* Event.swift */ = {isa = PBXFileReference; fileEncoding = 4; lastKnownFileType = sourcecode.swift; path = Event.swift; sourceTree = "<group>"; };
		DCF89C9892D94F333D0A06CA /* Pods-Kiddo.release.xcconfig */ = {isa = PBXFileReference; includeInIndex = 1; lastKnownFileType = text.xcconfig; name = "Pods-Kiddo.release.xcconfig"; path = "Pods/Target Support Files/Pods-Kiddo/Pods-Kiddo.release.xcconfig"; sourceTree = "<group>"; };
/* End PBXFileReference section */

/* Begin PBXFrameworksBuildPhase section */
		BD68B9A01DD0F2F200CE39CA /* Frameworks */ = {
			isa = PBXFrameworksBuildPhase;
			buildActionMask = 2147483647;
			files = (
				3D0E85AC124827498950F2FA /* Pods_Kiddo.framework in Frameworks */,
			);
			runOnlyForDeploymentPostprocessing = 0;
		};
/* End PBXFrameworksBuildPhase section */

/* Begin PBXGroup section */
		3220BF4C279B9A5E1CF5D8BA /* Frameworks */ = {
			isa = PBXGroup;
			children = (
				4FFC514A966709BA92D1974B /* Pods_Kiddo.framework */,
			);
			name = Frameworks;
			sourceTree = "<group>";
		};
		BD506DD91E29412E001A98B0 /* Util */ = {
			isa = PBXGroup;
			children = (
				BD506DD71E293CD6001A98B0 /* DateUtil.swift */,
				50584E061DD122ED00A2BEA9 /* UIExtensions.swift */,
				BD68B9CA1DD39FF100CE39CA /* Utility.swift */,
			);
			name = Util;
			sourceTree = "<group>";
		};
		BD506DDA1E294175001A98B0 /* Storyboards */ = {
			isa = PBXGroup;
			children = (
				BD68B9AA1DD0F2F300CE39CA /* Main.storyboard */,
				BD68B9AF1DD0F2F300CE39CA /* LaunchScreen.storyboard */,
			);
			name = Storyboards;
			sourceTree = "<group>";
		};
		BD506DDB1E2941B6001A98B0 /* Resources */ = {
			isa = PBXGroup;
			children = (
				BD68B9AD1DD0F2F300CE39CA /* Assets.xcassets */,
				BDEB9E901E05AB06002F7222 /* bg_portrait.jpg */,
				BD68B9B21DD0F2F300CE39CA /* Info.plist */,
			);
			name = Resources;
			sourceTree = "<group>";
		};
		BD68B99A1DD0F2F200CE39CA = {
			isa = PBXGroup;
			children = (
				BD68B9A51DD0F2F300CE39CA /* Kiddo */,
				BD68B9A41DD0F2F200CE39CA /* Products */,
				D6E9E1B41F25F9F678B82398 /* Pods */,
				3220BF4C279B9A5E1CF5D8BA /* Frameworks */,
			);
			sourceTree = "<group>";
		};
		BD68B9A41DD0F2F200CE39CA /* Products */ = {
			isa = PBXGroup;
			children = (
				BD68B9A31DD0F2F200CE39CA /* Kiddo.app */,
			);
			name = Products;
			sourceTree = "<group>";
		};
		BD68B9A51DD0F2F300CE39CA /* Kiddo */ = {
			isa = PBXGroup;
			children = (
				BD68B9A61DD0F2F300CE39CA /* AppDelegate.swift */,
				BD506DDA1E294175001A98B0 /* Storyboards */,
				BD68B9BB1DD0F98F00CE39CA /* Model */,
				BD68B9BD1DD0F99F00CE39CA /* View */,
				BD68B9BA1DD0F98000CE39CA /* View Controller */,
				BD506DD91E29412E001A98B0 /* Util */,
				BD506DDB1E2941B6001A98B0 /* Resources */,
			);
			path = Kiddo;
			sourceTree = "<group>";
		};
		BD68B9BA1DD0F98000CE39CA /* View Controller */ = {
			isa = PBXGroup;
			children = (
				C26E626E1DD1038C00BDC568 /* TimelineViewController.swift */,
				BD68B9BE1DD0FA1C00CE39CA /* DetailViewController.swift */,
				BDEB9E8E1E05A64F002F7222 /* LogInViewController.swift */,
				BDEB9E8C1E04966A002F7222 /* EventEntryViewController.swift */,
				BDC903D31E413B82006CD7D6 /* CustomSegmentedControl.swift */,
			);
			name = "View Controller";
			sourceTree = "<group>";
		};
		BD68B9BB1DD0F98F00CE39CA /* Model */ = {
			isa = PBXGroup;
			children = (
				C26E62741DD111AF00BDC568 /* Event.swift */,
				BD506DDC1E316A5C001A98B0 /* SimpleCache.swift */,
			);
			name = Model;
			sourceTree = "<group>";
		};
		BD68B9BD1DD0F99F00CE39CA /* View */ = {
			isa = PBXGroup;
			children = (
				C26E62721DD1098600BDC568 /* EventTableViewCell.swift */,
				C26E62701DD103B900BDC568 /* eventCell.xib */,
			);
			name = View;
			sourceTree = "<group>";
		};
		D6E9E1B41F25F9F678B82398 /* Pods */ = {
			isa = PBXGroup;
			children = (
				540CFF22675486906CCC738D /* Pods-Kiddo.debug.xcconfig */,
				DCF89C9892D94F333D0A06CA /* Pods-Kiddo.release.xcconfig */,
			);
			name = Pods;
			sourceTree = "<group>";
		};
/* End PBXGroup section */

/* Begin PBXNativeTarget section */
		BD68B9A21DD0F2F200CE39CA /* Kiddo */ = {
			isa = PBXNativeTarget;
			buildConfigurationList = BD68B9B51DD0F2F300CE39CA /* Build configuration list for PBXNativeTarget "Kiddo" */;
			buildPhases = (
				D3C342AA9E872EB67BC7B00C /* [CP] Check Pods Manifest.lock */,
				BD68B99F1DD0F2F200CE39CA /* Sources */,
				BD68B9A01DD0F2F200CE39CA /* Frameworks */,
				BD68B9A11DD0F2F200CE39CA /* Resources */,
				59A50EDB3C88E49250C0A4F7 /* [CP] Embed Pods Frameworks */,
				DA9CCB1D59561A99C8909304 /* [CP] Copy Pods Resources */,
			);
			buildRules = (
			);
			dependencies = (
			);
			name = Kiddo;
			productName = Kiddo;
			productReference = BD68B9A31DD0F2F200CE39CA /* Kiddo.app */;
			productType = "com.apple.product-type.application";
		};
/* End PBXNativeTarget section */

/* Begin PBXProject section */
		BD68B99B1DD0F2F200CE39CA /* Project object */ = {
			isa = PBXProject;
			attributes = {
				LastSwiftUpdateCheck = 0800;
				LastUpgradeCheck = 0800;
				ORGANIZATIONNAME = "Filiz Kurban";
				TargetAttributes = {
					BD68B9A21DD0F2F200CE39CA = {
						CreatedOnToolsVersion = 8.0;
						DevelopmentTeam = AWF997WQMM;
						ProvisioningStyle = Automatic;
					};
				};
			};
			buildConfigurationList = BD68B99E1DD0F2F200CE39CA /* Build configuration list for PBXProject "Kiddo" */;
			compatibilityVersion = "Xcode 3.2";
			developmentRegion = English;
			hasScannedForEncodings = 0;
			knownRegions = (
				en,
				Base,
			);
			mainGroup = BD68B99A1DD0F2F200CE39CA;
			productRefGroup = BD68B9A41DD0F2F200CE39CA /* Products */;
			projectDirPath = "";
			projectRoot = "";
			targets = (
				BD68B9A21DD0F2F200CE39CA /* Kiddo */,
			);
		};
/* End PBXProject section */

/* Begin PBXResourcesBuildPhase section */
		BD68B9A11DD0F2F200CE39CA /* Resources */ = {
			isa = PBXResourcesBuildPhase;
			buildActionMask = 2147483647;
			files = (
				C26E62711DD103B900BDC568 /* eventCell.xib in Resources */,
				BD68B9B11DD0F2F300CE39CA /* LaunchScreen.storyboard in Resources */,
				BD68B9AE1DD0F2F300CE39CA /* Assets.xcassets in Resources */,
				BDEB9E911E05AB06002F7222 /* bg_portrait.jpg in Resources */,
				BD68B9AC1DD0F2F300CE39CA /* Main.storyboard in Resources */,
			);
			runOnlyForDeploymentPostprocessing = 0;
		};
/* End PBXResourcesBuildPhase section */

/* Begin PBXShellScriptBuildPhase section */
		59A50EDB3C88E49250C0A4F7 /* [CP] Embed Pods Frameworks */ = {
			isa = PBXShellScriptBuildPhase;
			buildActionMask = 2147483647;
			files = (
			);
			inputPaths = (
			);
			name = "[CP] Embed Pods Frameworks";
			outputPaths = (
			);
			runOnlyForDeploymentPostprocessing = 0;
			shellPath = /bin/sh;
			shellScript = "\"${SRCROOT}/Pods/Target Support Files/Pods-Kiddo/Pods-Kiddo-frameworks.sh\"\n";
			showEnvVarsInLog = 0;
		};
		D3C342AA9E872EB67BC7B00C /* [CP] Check Pods Manifest.lock */ = {
			isa = PBXShellScriptBuildPhase;
			buildActionMask = 2147483647;
			files = (
			);
			inputPaths = (
			);
			name = "[CP] Check Pods Manifest.lock";
			outputPaths = (
			);
			runOnlyForDeploymentPostprocessing = 0;
			shellPath = /bin/sh;
			shellScript = "diff \"${PODS_ROOT}/../Podfile.lock\" \"${PODS_ROOT}/Manifest.lock\" > /dev/null\nif [[ $? != 0 ]] ; then\n    cat << EOM\nerror: The sandbox is not in sync with the Podfile.lock. Run 'pod install' or update your CocoaPods installation.\nEOM\n    exit 1\nfi\n";
			showEnvVarsInLog = 0;
		};
		DA9CCB1D59561A99C8909304 /* [CP] Copy Pods Resources */ = {
			isa = PBXShellScriptBuildPhase;
			buildActionMask = 2147483647;
			files = (
			);
			inputPaths = (
			);
			name = "[CP] Copy Pods Resources";
			outputPaths = (
			);
			runOnlyForDeploymentPostprocessing = 0;
			shellPath = /bin/sh;
			shellScript = "\"${SRCROOT}/Pods/Target Support Files/Pods-Kiddo/Pods-Kiddo-resources.sh\"\n";
			showEnvVarsInLog = 0;
		};
/* End PBXShellScriptBuildPhase section */

/* Begin PBXSourcesBuildPhase section */
		BD68B99F1DD0F2F200CE39CA /* Sources */ = {
			isa = PBXSourcesBuildPhase;
			buildActionMask = 2147483647;
			files = (
				C26E62731DD1098600BDC568 /* EventTableViewCell.swift in Sources */,
				BDEB9E8F1E05A64F002F7222 /* LogInViewController.swift in Sources */,
				BD68B9BF1DD0FA1C00CE39CA /* DetailViewController.swift in Sources */,
				BD68B9A71DD0F2F300CE39CA /* AppDelegate.swift in Sources */,
				BD68B9CB1DD39FF100CE39CA /* Utility.swift in Sources */,
				50584E071DD122ED00A2BEA9 /* UIExtensions.swift in Sources */,
				BD506DD81E293CD6001A98B0 /* DateUtil.swift in Sources */,
				BD506DDD1E316A5C001A98B0 /* SimpleCache.swift in Sources */,
				C26E626F1DD1038C00BDC568 /* TimelineViewController.swift in Sources */,
				C26E62751DD111AF00BDC568 /* Event.swift in Sources */,
				BDEB9E8D1E04966A002F7222 /* EventEntryViewController.swift in Sources */,
				BDC903D41E413B82006CD7D6 /* CustomSegmentedControl.swift in Sources */,
			);
			runOnlyForDeploymentPostprocessing = 0;
		};
/* End PBXSourcesBuildPhase section */

/* Begin PBXVariantGroup section */
		BD68B9AA1DD0F2F300CE39CA /* Main.storyboard */ = {
			isa = PBXVariantGroup;
			children = (
				BD68B9AB1DD0F2F300CE39CA /* Base */,
			);
			name = Main.storyboard;
			sourceTree = "<group>";
		};
		BD68B9AF1DD0F2F300CE39CA /* LaunchScreen.storyboard */ = {
			isa = PBXVariantGroup;
			children = (
				BD68B9B01DD0F2F300CE39CA /* Base */,
			);
			name = LaunchScreen.storyboard;
			sourceTree = "<group>";
		};
/* End PBXVariantGroup section */

/* Begin XCBuildConfiguration section */
		BD68B9B31DD0F2F300CE39CA /* Debug */ = {
			isa = XCBuildConfiguration;
			buildSettings = {
				ALWAYS_SEARCH_USER_PATHS = NO;
				CLANG_ANALYZER_NONNULL = YES;
				CLANG_CXX_LANGUAGE_STANDARD = "gnu++0x";
				CLANG_CXX_LIBRARY = "libc++";
				CLANG_ENABLE_MODULES = YES;
				CLANG_ENABLE_OBJC_ARC = YES;
				CLANG_WARN_BOOL_CONVERSION = YES;
				CLANG_WARN_CONSTANT_CONVERSION = YES;
				CLANG_WARN_DIRECT_OBJC_ISA_USAGE = YES_ERROR;
				CLANG_WARN_DOCUMENTATION_COMMENTS = YES;
				CLANG_WARN_EMPTY_BODY = YES;
				CLANG_WARN_ENUM_CONVERSION = YES;
				CLANG_WARN_INFINITE_RECURSION = YES;
				CLANG_WARN_INT_CONVERSION = YES;
				CLANG_WARN_OBJC_ROOT_CLASS = YES_ERROR;
				CLANG_WARN_SUSPICIOUS_MOVES = YES;
				CLANG_WARN_UNREACHABLE_CODE = YES;
				CLANG_WARN__DUPLICATE_METHOD_MATCH = YES;
				"CODE_SIGN_IDENTITY[sdk=iphoneos*]" = "iPhone Developer";
				COPY_PHASE_STRIP = NO;
				DEBUG_INFORMATION_FORMAT = dwarf;
				ENABLE_STRICT_OBJC_MSGSEND = YES;
				ENABLE_TESTABILITY = YES;
				GCC_C_LANGUAGE_STANDARD = gnu99;
				GCC_DYNAMIC_NO_PIC = NO;
				GCC_NO_COMMON_BLOCKS = YES;
				GCC_OPTIMIZATION_LEVEL = 0;
				GCC_PREPROCESSOR_DEFINITIONS = (
					"DEBUG=1",
					"$(inherited)",
				);
				GCC_WARN_64_TO_32_BIT_CONVERSION = YES;
				GCC_WARN_ABOUT_RETURN_TYPE = YES_ERROR;
				GCC_WARN_UNDECLARED_SELECTOR = YES;
				GCC_WARN_UNINITIALIZED_AUTOS = YES_AGGRESSIVE;
				GCC_WARN_UNUSED_FUNCTION = YES;
				GCC_WARN_UNUSED_VARIABLE = YES;
				IPHONEOS_DEPLOYMENT_TARGET = 10.0;
				MTL_ENABLE_DEBUG_INFO = YES;
				ONLY_ACTIVE_ARCH = YES;
				SDKROOT = iphoneos;
				SWIFT_ACTIVE_COMPILATION_CONDITIONS = DEBUG;
				SWIFT_OPTIMIZATION_LEVEL = "-Onone";
			};
			name = Debug;
		};
		BD68B9B41DD0F2F300CE39CA /* Release */ = {
			isa = XCBuildConfiguration;
			buildSettings = {
				ALWAYS_SEARCH_USER_PATHS = NO;
				CLANG_ANALYZER_NONNULL = YES;
				CLANG_CXX_LANGUAGE_STANDARD = "gnu++0x";
				CLANG_CXX_LIBRARY = "libc++";
				CLANG_ENABLE_MODULES = YES;
				CLANG_ENABLE_OBJC_ARC = YES;
				CLANG_WARN_BOOL_CONVERSION = YES;
				CLANG_WARN_CONSTANT_CONVERSION = YES;
				CLANG_WARN_DIRECT_OBJC_ISA_USAGE = YES_ERROR;
				CLANG_WARN_DOCUMENTATION_COMMENTS = YES;
				CLANG_WARN_EMPTY_BODY = YES;
				CLANG_WARN_ENUM_CONVERSION = YES;
				CLANG_WARN_INFINITE_RECURSION = YES;
				CLANG_WARN_INT_CONVERSION = YES;
				CLANG_WARN_OBJC_ROOT_CLASS = YES_ERROR;
				CLANG_WARN_SUSPICIOUS_MOVES = YES;
				CLANG_WARN_UNREACHABLE_CODE = YES;
				CLANG_WARN__DUPLICATE_METHOD_MATCH = YES;
				"CODE_SIGN_IDENTITY[sdk=iphoneos*]" = "iPhone Developer";
				COPY_PHASE_STRIP = NO;
				DEBUG_INFORMATION_FORMAT = "dwarf-with-dsym";
				ENABLE_NS_ASSERTIONS = NO;
				ENABLE_STRICT_OBJC_MSGSEND = YES;
				GCC_C_LANGUAGE_STANDARD = gnu99;
				GCC_NO_COMMON_BLOCKS = YES;
				GCC_WARN_64_TO_32_BIT_CONVERSION = YES;
				GCC_WARN_ABOUT_RETURN_TYPE = YES_ERROR;
				GCC_WARN_UNDECLARED_SELECTOR = YES;
				GCC_WARN_UNINITIALIZED_AUTOS = YES_AGGRESSIVE;
				GCC_WARN_UNUSED_FUNCTION = YES;
				GCC_WARN_UNUSED_VARIABLE = YES;
				IPHONEOS_DEPLOYMENT_TARGET = 10.0;
				MTL_ENABLE_DEBUG_INFO = NO;
				SDKROOT = iphoneos;
				SWIFT_OPTIMIZATION_LEVEL = "-Owholemodule";
				VALIDATE_PRODUCT = YES;
			};
			name = Release;
		};
		BD68B9B61DD0F2F300CE39CA /* Debug */ = {
			isa = XCBuildConfiguration;
			baseConfigurationReference = 540CFF22675486906CCC738D /* Pods-Kiddo.debug.xcconfig */;
			buildSettings = {
				ASSETCATALOG_COMPILER_APPICON_NAME = AppIcon;
				DEVELOPMENT_TEAM = AWF997WQMM;
				INFOPLIST_FILE = Kiddo/Info.plist;
				LD_RUNPATH_SEARCH_PATHS = "$(inherited) @executable_path/Frameworks";
				PRODUCT_BUNDLE_IDENTIFIER = filizk.Kiddo;
				PRODUCT_NAME = "$(TARGET_NAME)";
				SWIFT_VERSION = 3.0;
			};
			name = Debug;
		};
		BD68B9B71DD0F2F300CE39CA /* Release */ = {
			isa = XCBuildConfiguration;
			baseConfigurationReference = DCF89C9892D94F333D0A06CA /* Pods-Kiddo.release.xcconfig */;
			buildSettings = {
				ASSETCATALOG_COMPILER_APPICON_NAME = AppIcon;
				DEVELOPMENT_TEAM = AWF997WQMM;
				INFOPLIST_FILE = Kiddo/Info.plist;
				LD_RUNPATH_SEARCH_PATHS = "$(inherited) @executable_path/Frameworks";
				PRODUCT_BUNDLE_IDENTIFIER = filizk.Kiddo;
				PRODUCT_NAME = "$(TARGET_NAME)";
				SWIFT_VERSION = 3.0;
			};
			name = Release;
		};
/* End XCBuildConfiguration section */

/* Begin XCConfigurationList section */
		BD68B99E1DD0F2F200CE39CA /* Build configuration list for PBXProject "Kiddo" */ = {
			isa = XCConfigurationList;
			buildConfigurations = (
				BD68B9B31DD0F2F300CE39CA /* Debug */,
				BD68B9B41DD0F2F300CE39CA /* Release */,
			);
			defaultConfigurationIsVisible = 0;
			defaultConfigurationName = Release;
		};
		BD68B9B51DD0F2F300CE39CA /* Build configuration list for PBXNativeTarget "Kiddo" */ = {
			isa = XCConfigurationList;
			buildConfigurations = (
				BD68B9B61DD0F2F300CE39CA /* Debug */,
				BD68B9B71DD0F2F300CE39CA /* Release */,
			);
			defaultConfigurationIsVisible = 0;
			defaultConfigurationName = Release;
		};
/* End XCConfigurationList section */
	};
	rootObject = BD68B99B1DD0F2F200CE39CA /* Project object */;
}
